
Microsoft Visual Studio Solution File, Format Version 12.00
# Visual Studio Version 16
VisualStudioVersion = 16.0.29911.84
MinimumVisualStudioVersion = 10.0.40219.1
Project("{2150E333-8FDC-42A3-9474-1A3956D46DE8}") = "Shared", "Shared", "{03F14175-7F41-47B6-8149-BDA7EED02877}"
EndProject
Project("{9A19103F-16F7-4668-BE54-9A1E7A4F7556}") = "WesleyCore.Domin.Abstractions", "Shared\WesleyCore.Domin.Abstractions\WesleyCore.Domin.Abstractions.csproj", "{F61A142E-865A-4060-9F20-72D5B2D7206E}"
EndProject
Project("{9A19103F-16F7-4668-BE54-9A1E7A4F7556}") = "WesleyCore.Infrastruction.Core", "Shared\WesleyCore.Infrastruction.Core\WesleyCore.Infrastruction.Core.csproj", "{2E6F5084-7682-465E-943E-7395CB21DAE0}"
EndProject
Project("{2150E333-8FDC-42A3-9474-1A3956D46DE8}") = "Web", "Web", "{C312781F-1BAF-44C5-A4FA-4088F17FD413}"
EndProject
Project("{2150E333-8FDC-42A3-9474-1A3956D46DE8}") = "ApiGateways", "ApiGateways", "{338A1E7F-ABCA-4EBD-A540-BCF51FE06358}"
EndProject
Project("{9A19103F-16F7-4668-BE54-9A1E7A4F7556}") = "WesleyPC.Gateway", "ApiGateways\Wesley.Gateway\WesleyPC.Gateway.csproj", "{0051F704-2BFA-4974-8030-E3E57CB4F633}"
EndProject
Project("{9A19103F-16F7-4668-BE54-9A1E7A4F7556}") = "Ocelot.JWTAuthorize", "Shared\Ocelot.JWTAuthorize\Ocelot.JWTAuthorize.csproj", "{E7C3BADF-1749-467F-8387-C7428D27077E}"
EndProject
Project("{9A19103F-16F7-4668-BE54-9A1E7A4F7556}") = "ConsulRegister", "Shared\ConsulRegister\ConsulRegister.csproj", "{442151EB-519D-496B-8247-E60ACB77B976}"
EndProject
Project("{9A19103F-16F7-4668-BE54-9A1E7A4F7556}") = "WesleyUntity", "Shared\WesleyUntity\WesleyUntity.csproj", "{A307B5E2-E968-4B2C-BAFD-5631C229C55E}"
EndProject
Project("{2150E333-8FDC-42A3-9474-1A3956D46DE8}") = "User", "User", "{42E61F62-9609-49F0-A924-35CB879865FA}"
EndProject
Project("{9A19103F-16F7-4668-BE54-9A1E7A4F7556}") = "WesleyCore.User", "Web\User\WesleyCore.User\WesleyCore.User.csproj", "{C3530606-EE14-413E-A2B4-4577792B8A58}"
EndProject
Project("{9A19103F-16F7-4668-BE54-9A1E7A4F7556}") = "WesleyCore.User.Domain", "Web\User\WesleyCore.User.Domain\WesleyCore.User.Domain.csproj", "{39180D00-C613-40B8-9048-DB7EDFC4AD86}"
EndProject
Project("{9A19103F-16F7-4668-BE54-9A1E7A4F7556}") = "WesleyCore.User.Infrastructure", "Web\User\WesleyCore.User.Infrastructure\WesleyCore.User.Infrastructure.csproj", "{9E933291-40F2-4624-903C-25FDC94EE84F}"
EndProject
Project("{9A19103F-16F7-4668-BE54-9A1E7A4F7556}") = "IdentityServer", "ApiGateways\IdentityServer\IdentityServer.csproj", "{05167D46-F670-4960-B2D4-BC60FF355D36}"
EndProject
Global
	GlobalSection(SolutionConfigurationPlatforms) = preSolution
		Debug|Any CPU = Debug|Any CPU
		Release|Any CPU = Release|Any CPU
	EndGlobalSection
	GlobalSection(ProjectConfigurationPlatforms) = postSolution
		{F61A142E-865A-4060-9F20-72D5B2D7206E}.Debug|Any CPU.ActiveCfg = Debug|Any CPU
		{F61A142E-865A-4060-9F20-72D5B2D7206E}.Debug|Any CPU.Build.0 = Debug|Any CPU
		{F61A142E-865A-4060-9F20-72D5B2D7206E}.Release|Any CPU.ActiveCfg = Release|Any CPU
		{F61A142E-865A-4060-9F20-72D5B2D7206E}.Release|Any CPU.Build.0 = Release|Any CPU
		{2E6F5084-7682-465E-943E-7395CB21DAE0}.Debug|Any CPU.ActiveCfg = Debug|Any CPU
		{2E6F5084-7682-465E-943E-7395CB21DAE0}.Debug|Any CPU.Build.0 = Debug|Any CPU
		{2E6F5084-7682-465E-943E-7395CB21DAE0}.Release|Any CPU.ActiveCfg = Release|Any CPU
		{2E6F5084-7682-465E-943E-7395CB21DAE0}.Release|Any CPU.Build.0 = Release|Any CPU
		{0051F704-2BFA-4974-8030-E3E57CB4F633}.Debug|Any CPU.ActiveCfg = Debug|Any CPU
		{0051F704-2BFA-4974-8030-E3E57CB4F633}.Debug|Any CPU.Build.0 = Debug|Any CPU
		{0051F704-2BFA-4974-8030-E3E57CB4F633}.Release|Any CPU.ActiveCfg = Release|Any CPU
		{0051F704-2BFA-4974-8030-E3E57CB4F633}.Release|Any CPU.Build.0 = Release|Any CPU
		{E7C3BADF-1749-467F-8387-C7428D27077E}.Debug|Any CPU.ActiveCfg = Debug|Any CPU
		{E7C3BADF-1749-467F-8387-C7428D27077E}.Debug|Any CPU.Build.0 = Debug|Any CPU
		{E7C3BADF-1749-467F-8387-C7428D27077E}.Release|Any CPU.ActiveCfg = Release|Any CPU
		{E7C3BADF-1749-467F-8387-C7428D27077E}.Release|Any CPU.Build.0 = Release|Any CPU
		{442151EB-519D-496B-8247-E60ACB77B976}.Debug|Any CPU.ActiveCfg = Debug|Any CPU
		{442151EB-519D-496B-8247-E60ACB77B976}.Debug|Any CPU.Build.0 = Debug|Any CPU
		{442151EB-519D-496B-8247-E60ACB77B976}.Release|Any CPU.ActiveCfg = Release|Any CPU
		{442151EB-519D-496B-8247-E60ACB77B976}.Release|Any CPU.Build.0 = Release|Any CPU
		{A307B5E2-E968-4B2C-BAFD-5631C229C55E}.Debug|Any CPU.ActiveCfg = Debug|Any CPU
		{A307B5E2-E968-4B2C-BAFD-5631C229C55E}.Debug|Any CPU.Build.0 = Debug|Any CPU
		{A307B5E2-E968-4B2C-BAFD-5631C229C55E}.Release|Any CPU.ActiveCfg = Release|Any CPU
		{A307B5E2-E968-4B2C-BAFD-5631C229C55E}.Release|Any CPU.Build.0 = Release|Any CPU
		{C3530606-EE14-413E-A2B4-4577792B8A58}.Debug|Any CPU.ActiveCfg = Debug|Any CPU
		{C3530606-EE14-413E-A2B4-4577792B8A58}.Debug|Any CPU.Build.0 = Debug|Any CPU
		{C3530606-EE14-413E-A2B4-4577792B8A58}.Release|Any CPU.ActiveCfg = Release|Any CPU
		{C3530606-EE14-413E-A2B4-4577792B8A58}.Release|Any CPU.Build.0 = Release|Any CPU
		{39180D00-C613-40B8-9048-DB7EDFC4AD86}.Debug|Any CPU.ActiveCfg = Debug|Any CPU
		{39180D00-C613-40B8-9048-DB7EDFC4AD86}.Debug|Any CPU.Build.0 = Debug|Any CPU
		{39180D00-C613-40B8-9048-DB7EDFC4AD86}.Release|Any CPU.ActiveCfg = Release|Any CPU
		{39180D00-C613-40B8-9048-DB7EDFC4AD86}.Release|Any CPU.Build.0 = Release|Any CPU
		{9E933291-40F2-4624-903C-25FDC94EE84F}.Debug|Any CPU.ActiveCfg = Debug|Any CPU
		{9E933291-40F2-4624-903C-25FDC94EE84F}.Debug|Any CPU.Build.0 = Debug|Any CPU
		{9E933291-40F2-4624-903C-25FDC94EE84F}.Release|Any CPU.ActiveCfg = Release|Any CPU
		{9E933291-40F2-4624-903C-25FDC94EE84F}.Release|Any CPU.Build.0 = Release|Any CPU
		{05167D46-F670-4960-B2D4-BC60FF355D36}.Debug|Any CPU.ActiveCfg = Debug|Any CPU
		{05167D46-F670-4960-B2D4-BC60FF355D36}.Debug|Any CPU.Build.0 = Debug|Any CPU
		{05167D46-F670-4960-B2D4-BC60FF355D36}.Release|Any CPU.ActiveCfg = Release|Any CPU
		{05167D46-F670-4960-B2D4-BC60FF355D36}.Release|Any CPU.Build.0 = Release|Any CPU
	EndGlobalSection
	GlobalSection(SolutionProperties) = preSolution
		HideSolutionNode = FALSE
	EndGlobalSection
	GlobalSection(NestedProjects) = preSolution
		{F61A142E-865A-4060-9F20-72D5B2D7206E} = {03F14175-7F41-47B6-8149-BDA7EED02877}
		{2E6F5084-7682-465E-943E-7395CB21DAE0} = {03F14175-7F41-47B6-8149-BDA7EED02877}
		{0051F704-2BFA-4974-8030-E3E57CB4F633} = {338A1E7F-ABCA-4EBD-A540-BCF51FE06358}
		{E7C3BADF-1749-467F-8387-C7428D27077E} = {03F14175-7F41-47B6-8149-BDA7EED02877}
		{442151EB-519D-496B-8247-E60ACB77B976} = {03F14175-7F41-47B6-8149-BDA7EED02877}
		{A307B5E2-E968-4B2C-BAFD-5631C229C55E} = {03F14175-7F41-47B6-8149-BDA7EED02877}
		{42E61F62-9609-49F0-A924-35CB879865FA} = {C312781F-1BAF-44C5-A4FA-4088F17FD413}
		{C3530606-EE14-413E-A2B4-4577792B8A58} = {42E61F62-9609-49F0-A924-35CB879865FA}
		{39180D00-C613-40B8-9048-DB7EDFC4AD86} = {42E61F62-9609-49F0-A924-35CB879865FA}
		{9E933291-40F2-4624-903C-25FDC94EE84F} = {42E61F62-9609-49F0-A924-35CB879865FA}
		{05167D46-F670-4960-B2D4-BC60FF355D36} = {338A1E7F-ABCA-4EBD-A540-BCF51FE06358}
	EndGlobalSection
	GlobalSection(ExtensibilityGlobals) = postSolution
		SolutionGuid = {D12CF12D-9174-4517-8CB6-5B698C224A06}
	EndGlobalSection
EndGlobal
