
Microsoft Visual Studio Solution File, Format Version 12.00
# Visual Studio Version 16
VisualStudioVersion = 16.0.29911.84
MinimumVisualStudioVersion = 10.0.40219.1
Project("{2150E333-8FDC-42A3-9474-1A3956D46DE8}") = "Shared", "Shared", "{03F14175-7F41-47B6-8149-BDA7EED02877}"
EndProject
Project("{9A19103F-16F7-4668-BE54-9A1E7A4F7556}") = "WesleyCore.Core", "Shared\WesleyCore.Core\WesleyCore.Core.csproj", "{67DBB2DB-353A-4420-AEC6-C605C4CEF68F}"
EndProject
Project("{9A19103F-16F7-4668-BE54-9A1E7A4F7556}") = "WesleyCore.Domin.Abstractions", "Shared\WesleyCore.Domin.Abstractions\WesleyCore.Domin.Abstractions.csproj", "{F61A142E-865A-4060-9F20-72D5B2D7206E}"
EndProject
Project("{9A19103F-16F7-4668-BE54-9A1E7A4F7556}") = "WesleyCore.Infrastruction.Core", "Shared\WesleyCore.Infrastruction.Core\WesleyCore.Infrastruction.Core.csproj", "{2E6F5084-7682-465E-943E-7395CB21DAE0}"
EndProject
Project("{9A19103F-16F7-4668-BE54-9A1E7A4F7556}") = "WesleyCore.Domain", "Domain\WesleyCore.Domain\WesleyCore.Domain.csproj", "{578F64F2-7FBF-418C-8D2A-ECD486C3E8F7}"
EndProject
Project("{9A19103F-16F7-4668-BE54-9A1E7A4F7556}") = "WesleyCore.EntityFrameworkCore", "Infrastruction\WesleyCore.Infrastruction\WesleyCore.EntityFrameworkCore.csproj", "{81350B74-4398-454F-BA0E-9C2C95CBAF80}"
EndProject
Project("{9A19103F-16F7-4668-BE54-9A1E7A4F7556}") = "WesleyUntity", "Shared\WesleyUntity\WesleyUntity.csproj", "{F52632EB-3B29-479F-832F-2EF30D7E7035}"
EndProject
Project("{9A19103F-16F7-4668-BE54-9A1E7A4F7556}") = "WesleyCore.Application", "Application\WesleyCore.Application.csproj", "{65FBBE43-532A-4887-88EF-50489627318D}"
EndProject
Project("{2150E333-8FDC-42A3-9474-1A3956D46DE8}") = "Web", "Web", "{C312781F-1BAF-44C5-A4FA-4088F17FD413}"
EndProject
Project("{9A19103F-16F7-4668-BE54-9A1E7A4F7556}") = "WesleyCore.Web", "Web\Web\WesleyCore.Web.csproj", "{55D0F14F-8E40-496D-B647-A0307E945315}"
EndProject
Global
	GlobalSection(SolutionConfigurationPlatforms) = preSolution
		Debug|Any CPU = Debug|Any CPU
		Release|Any CPU = Release|Any CPU
	EndGlobalSection
	GlobalSection(ProjectConfigurationPlatforms) = postSolution
		{67DBB2DB-353A-4420-AEC6-C605C4CEF68F}.Debug|Any CPU.ActiveCfg = Debug|Any CPU
		{67DBB2DB-353A-4420-AEC6-C605C4CEF68F}.Debug|Any CPU.Build.0 = Debug|Any CPU
		{67DBB2DB-353A-4420-AEC6-C605C4CEF68F}.Release|Any CPU.ActiveCfg = Release|Any CPU
		{67DBB2DB-353A-4420-AEC6-C605C4CEF68F}.Release|Any CPU.Build.0 = Release|Any CPU
		{F61A142E-865A-4060-9F20-72D5B2D7206E}.Debug|Any CPU.ActiveCfg = Debug|Any CPU
		{F61A142E-865A-4060-9F20-72D5B2D7206E}.Debug|Any CPU.Build.0 = Debug|Any CPU
		{F61A142E-865A-4060-9F20-72D5B2D7206E}.Release|Any CPU.ActiveCfg = Release|Any CPU
		{F61A142E-865A-4060-9F20-72D5B2D7206E}.Release|Any CPU.Build.0 = Release|Any CPU
		{2E6F5084-7682-465E-943E-7395CB21DAE0}.Debug|Any CPU.ActiveCfg = Debug|Any CPU
		{2E6F5084-7682-465E-943E-7395CB21DAE0}.Debug|Any CPU.Build.0 = Debug|Any CPU
		{2E6F5084-7682-465E-943E-7395CB21DAE0}.Release|Any CPU.ActiveCfg = Release|Any CPU
		{2E6F5084-7682-465E-943E-7395CB21DAE0}.Release|Any CPU.Build.0 = Release|Any CPU
		{578F64F2-7FBF-418C-8D2A-ECD486C3E8F7}.Debug|Any CPU.ActiveCfg = Debug|Any CPU
		{578F64F2-7FBF-418C-8D2A-ECD486C3E8F7}.Debug|Any CPU.Build.0 = Debug|Any CPU
		{578F64F2-7FBF-418C-8D2A-ECD486C3E8F7}.Release|Any CPU.ActiveCfg = Release|Any CPU
		{578F64F2-7FBF-418C-8D2A-ECD486C3E8F7}.Release|Any CPU.Build.0 = Release|Any CPU
		{81350B74-4398-454F-BA0E-9C2C95CBAF80}.Debug|Any CPU.ActiveCfg = Debug|Any CPU
		{81350B74-4398-454F-BA0E-9C2C95CBAF80}.Debug|Any CPU.Build.0 = Debug|Any CPU
		{81350B74-4398-454F-BA0E-9C2C95CBAF80}.Release|Any CPU.ActiveCfg = Release|Any CPU
		{81350B74-4398-454F-BA0E-9C2C95CBAF80}.Release|Any CPU.Build.0 = Release|Any CPU
		{F52632EB-3B29-479F-832F-2EF30D7E7035}.Debug|Any CPU.ActiveCfg = Debug|Any CPU
		{F52632EB-3B29-479F-832F-2EF30D7E7035}.Debug|Any CPU.Build.0 = Debug|Any CPU
		{F52632EB-3B29-479F-832F-2EF30D7E7035}.Release|Any CPU.ActiveCfg = Release|Any CPU
		{F52632EB-3B29-479F-832F-2EF30D7E7035}.Release|Any CPU.Build.0 = Release|Any CPU
		{65FBBE43-532A-4887-88EF-50489627318D}.Debug|Any CPU.ActiveCfg = Debug|Any CPU
		{65FBBE43-532A-4887-88EF-50489627318D}.Debug|Any CPU.Build.0 = Debug|Any CPU
		{65FBBE43-532A-4887-88EF-50489627318D}.Release|Any CPU.ActiveCfg = Release|Any CPU
		{65FBBE43-532A-4887-88EF-50489627318D}.Release|Any CPU.Build.0 = Release|Any CPU
		{55D0F14F-8E40-496D-B647-A0307E945315}.Debug|Any CPU.ActiveCfg = Debug|Any CPU
		{55D0F14F-8E40-496D-B647-A0307E945315}.Debug|Any CPU.Build.0 = Debug|Any CPU
		{55D0F14F-8E40-496D-B647-A0307E945315}.Release|Any CPU.ActiveCfg = Release|Any CPU
		{55D0F14F-8E40-496D-B647-A0307E945315}.Release|Any CPU.Build.0 = Release|Any CPU
	EndGlobalSection
	GlobalSection(SolutionProperties) = preSolution
		HideSolutionNode = FALSE
	EndGlobalSection
	GlobalSection(NestedProjects) = preSolution
		{F61A142E-865A-4060-9F20-72D5B2D7206E} = {03F14175-7F41-47B6-8149-BDA7EED02877}
		{2E6F5084-7682-465E-943E-7395CB21DAE0} = {03F14175-7F41-47B6-8149-BDA7EED02877}
		{F52632EB-3B29-479F-832F-2EF30D7E7035} = {03F14175-7F41-47B6-8149-BDA7EED02877}
		{55D0F14F-8E40-496D-B647-A0307E945315} = {C312781F-1BAF-44C5-A4FA-4088F17FD413}
	EndGlobalSection
	GlobalSection(ExtensibilityGlobals) = postSolution
		SolutionGuid = {D12CF12D-9174-4517-8CB6-5B698C224A06}
	EndGlobalSection
EndGlobal
